
Microsoft Visual Studio Solution File, Format Version 12.00
# Visual Studio Version 16
VisualStudioVersion = 16.0.29613.14
MinimumVisualStudioVersion = 10.0.40219.1
Project("{9A19103F-16F7-4668-BE54-9A1E7A4F7556}") = "EdaBase", "EdaBase\EdaBase.csproj", "{1479AF44-1BDA-42B1-A525-4805D0851C53}"
EndProject
Project("{9A19103F-16F7-4668-BE54-9A1E7A4F7556}") = "EdaCore", "EdaCore\EdaCore.csproj", "{4B7FCFF2-FECF-4425-9E57-BDD73A28B4DC}"
EndProject
Project("{9A19103F-16F7-4668-BE54-9A1E7A4F7556}") = "EdaCam", "EdaCam\EdaCam.csproj", "{B47369CB-B480-4172-8113-5B644F9332BE}"
EndProject
Project("{2150E333-8FDC-42A3-9474-1A3956D46DE8}") = "Libraries", "Libraries", "{0CBCDECB-D253-4477-B1AA-1DBE17687F0B}"
EndProject
Project("{2150E333-8FDC-42A3-9474-1A3956D46DE8}") = "Applications", "Applications", "{E3221687-5D1E-464E-A24E-A8287F028C0D}"
EndProject
Project("{9A19103F-16F7-4668-BE54-9A1E7A4F7556}") = "EdaCamTool", "EdaCamTool\EdaCamTool.csproj", "{8D5C2DBE-B1E6-4A9F-B1D5-1221BDE81B9B}"
	ProjectSection(ProjectDependencies) = postProject
		{1479AF44-1BDA-42B1-A525-4805D0851C53} = {1479AF44-1BDA-42B1-A525-4805D0851C53}
		{B47369CB-B480-4172-8113-5B644F9332BE} = {B47369CB-B480-4172-8113-5B644F9332BE}
		{4B7FCFF2-FECF-4425-9E57-BDD73A28B4DC} = {4B7FCFF2-FECF-4425-9E57-BDD73A28B4DC}
	EndProjectSection
EndProject
Project("{9A19103F-16F7-4668-BE54-9A1E7A4F7556}") = "EdaPanelizer", "EdaPanelizer\EdaPanelizer.csproj", "{864965F8-F170-4EB4-BA6A-25953ED59E1E}"
	ProjectSection(ProjectDependencies) = postProject
		{1479AF44-1BDA-42B1-A525-4805D0851C53} = {1479AF44-1BDA-42B1-A525-4805D0851C53}
		{4B7FCFF2-FECF-4425-9E57-BDD73A28B4DC} = {4B7FCFF2-FECF-4425-9E57-BDD73A28B4DC}
	EndProjectSection
EndProject
Project("{9A19103F-16F7-4668-BE54-9A1E7A4F7556}") = "EdaPanel", "EdaPanel\EdaPanel.csproj", "{3DD7C03A-DDCA-497B-B7CB-DE36A3F8B317}"
EndProject
Project("{9A19103F-16F7-4668-BE54-9A1E7A4F7556}") = "EdaBoardViewer", "EdaBoardViewer\EdaBoardViewer.csproj", "{7CEA97F3-5BD5-484A-8E77-440A99A17AAD}"
EndProject
Project("{9A19103F-16F7-4668-BE54-9A1E7A4F7556}") = "EdaExtractor", "EdaExtractor\EdaExtractor.csproj", "{4394D47B-2D94-44D5-8C9F-4EC292FDA3C2}"
EndProject
Project("{9A19103F-16F7-4668-BE54-9A1E7A4F7556}") = "EdaImport", "EdaImport\EdaImport.csproj", "{5DDF36F8-93E7-440C-89A3-5940925FFBC3}"
EndProject
Project("{9A19103F-16F7-4668-BE54-9A1E7A4F7556}") = "EdaExport", "EdaExport\EdaExport.csproj", "{DA4A1B89-04D9-4D34-91EE-FA5B68B2EA9D}"
EndProject
Project("{FAE04EC0-301F-11D3-BF4B-00C04F79EFBC}") = "EdaComponentGenerator", "EdaComponentGenerator\EdaComponentGenerator.csproj", "{8D7F9FA0-D161-4276-83B5-E06E003B0D19}"
EndProject
Global
	GlobalSection(SolutionConfigurationPlatforms) = preSolution
		Debug|Any CPU = Debug|Any CPU
		Release|Any CPU = Release|Any CPU
	EndGlobalSection
	GlobalSection(ProjectConfigurationPlatforms) = postSolution
		{1479AF44-1BDA-42B1-A525-4805D0851C53}.Debug|Any CPU.ActiveCfg = Debug|Any CPU
		{1479AF44-1BDA-42B1-A525-4805D0851C53}.Debug|Any CPU.Build.0 = Debug|Any CPU
		{1479AF44-1BDA-42B1-A525-4805D0851C53}.Release|Any CPU.ActiveCfg = Release|Any CPU
		{1479AF44-1BDA-42B1-A525-4805D0851C53}.Release|Any CPU.Build.0 = Release|Any CPU
		{4B7FCFF2-FECF-4425-9E57-BDD73A28B4DC}.Debug|Any CPU.ActiveCfg = Debug|Any CPU
		{4B7FCFF2-FECF-4425-9E57-BDD73A28B4DC}.Debug|Any CPU.Build.0 = Debug|Any CPU
		{4B7FCFF2-FECF-4425-9E57-BDD73A28B4DC}.Release|Any CPU.ActiveCfg = Release|Any CPU
		{4B7FCFF2-FECF-4425-9E57-BDD73A28B4DC}.Release|Any CPU.Build.0 = Release|Any CPU
		{B47369CB-B480-4172-8113-5B644F9332BE}.Debug|Any CPU.ActiveCfg = Debug|Any CPU
		{B47369CB-B480-4172-8113-5B644F9332BE}.Debug|Any CPU.Build.0 = Debug|Any CPU
		{B47369CB-B480-4172-8113-5B644F9332BE}.Release|Any CPU.ActiveCfg = Release|Any CPU
		{B47369CB-B480-4172-8113-5B644F9332BE}.Release|Any CPU.Build.0 = Release|Any CPU
		{8D5C2DBE-B1E6-4A9F-B1D5-1221BDE81B9B}.Debug|Any CPU.ActiveCfg = Debug|Any CPU
		{8D5C2DBE-B1E6-4A9F-B1D5-1221BDE81B9B}.Debug|Any CPU.Build.0 = Debug|Any CPU
		{8D5C2DBE-B1E6-4A9F-B1D5-1221BDE81B9B}.Release|Any CPU.ActiveCfg = Release|Any CPU
		{8D5C2DBE-B1E6-4A9F-B1D5-1221BDE81B9B}.Release|Any CPU.Build.0 = Release|Any CPU
		{864965F8-F170-4EB4-BA6A-25953ED59E1E}.Debug|Any CPU.ActiveCfg = Debug|Any CPU
		{864965F8-F170-4EB4-BA6A-25953ED59E1E}.Debug|Any CPU.Build.0 = Debug|Any CPU
		{864965F8-F170-4EB4-BA6A-25953ED59E1E}.Release|Any CPU.ActiveCfg = Release|Any CPU
		{864965F8-F170-4EB4-BA6A-25953ED59E1E}.Release|Any CPU.Build.0 = Release|Any CPU
		{3DD7C03A-DDCA-497B-B7CB-DE36A3F8B317}.Debug|Any CPU.ActiveCfg = Debug|Any CPU
		{3DD7C03A-DDCA-497B-B7CB-DE36A3F8B317}.Debug|Any CPU.Build.0 = Debug|Any CPU
		{3DD7C03A-DDCA-497B-B7CB-DE36A3F8B317}.Release|Any CPU.ActiveCfg = Release|Any CPU
		{3DD7C03A-DDCA-497B-B7CB-DE36A3F8B317}.Release|Any CPU.Build.0 = Release|Any CPU
		{7CEA97F3-5BD5-484A-8E77-440A99A17AAD}.Debug|Any CPU.ActiveCfg = Debug|Any CPU
		{7CEA97F3-5BD5-484A-8E77-440A99A17AAD}.Debug|Any CPU.Build.0 = Debug|Any CPU
		{7CEA97F3-5BD5-484A-8E77-440A99A17AAD}.Release|Any CPU.ActiveCfg = Release|Any CPU
		{7CEA97F3-5BD5-484A-8E77-440A99A17AAD}.Release|Any CPU.Build.0 = Release|Any CPU
		{4394D47B-2D94-44D5-8C9F-4EC292FDA3C2}.Debug|Any CPU.ActiveCfg = Debug|Any CPU
		{4394D47B-2D94-44D5-8C9F-4EC292FDA3C2}.Debug|Any CPU.Build.0 = Debug|Any CPU
		{4394D47B-2D94-44D5-8C9F-4EC292FDA3C2}.Release|Any CPU.ActiveCfg = Release|Any CPU
		{4394D47B-2D94-44D5-8C9F-4EC292FDA3C2}.Release|Any CPU.Build.0 = Release|Any CPU
		{5DDF36F8-93E7-440C-89A3-5940925FFBC3}.Debug|Any CPU.ActiveCfg = Debug|Any CPU
		{5DDF36F8-93E7-440C-89A3-5940925FFBC3}.Debug|Any CPU.Build.0 = Debug|Any CPU
		{5DDF36F8-93E7-440C-89A3-5940925FFBC3}.Release|Any CPU.ActiveCfg = Release|Any CPU
		{5DDF36F8-93E7-440C-89A3-5940925FFBC3}.Release|Any CPU.Build.0 = Release|Any CPU
		{DA4A1B89-04D9-4D34-91EE-FA5B68B2EA9D}.Debug|Any CPU.ActiveCfg = Debug|Any CPU
		{DA4A1B89-04D9-4D34-91EE-FA5B68B2EA9D}.Debug|Any CPU.Build.0 = Debug|Any CPU
		{DA4A1B89-04D9-4D34-91EE-FA5B68B2EA9D}.Release|Any CPU.ActiveCfg = Release|Any CPU
		{DA4A1B89-04D9-4D34-91EE-FA5B68B2EA9D}.Release|Any CPU.Build.0 = Release|Any CPU
		{8D7F9FA0-D161-4276-83B5-E06E003B0D19}.Debug|Any CPU.ActiveCfg = Debug|Any CPU
		{8D7F9FA0-D161-4276-83B5-E06E003B0D19}.Debug|Any CPU.Build.0 = Debug|Any CPU
		{8D7F9FA0-D161-4276-83B5-E06E003B0D19}.Release|Any CPU.ActiveCfg = Release|Any CPU
		{8D7F9FA0-D161-4276-83B5-E06E003B0D19}.Release|Any CPU.Build.0 = Release|Any CPU
	EndGlobalSection
	GlobalSection(SolutionProperties) = preSolution
		HideSolutionNode = FALSE
	EndGlobalSection
	GlobalSection(NestedProjects) = preSolution
		{1479AF44-1BDA-42B1-A525-4805D0851C53} = {0CBCDECB-D253-4477-B1AA-1DBE17687F0B}
		{4B7FCFF2-FECF-4425-9E57-BDD73A28B4DC} = {0CBCDECB-D253-4477-B1AA-1DBE17687F0B}
		{B47369CB-B480-4172-8113-5B644F9332BE} = {0CBCDECB-D253-4477-B1AA-1DBE17687F0B}
		{8D5C2DBE-B1E6-4A9F-B1D5-1221BDE81B9B} = {E3221687-5D1E-464E-A24E-A8287F028C0D}
		{864965F8-F170-4EB4-BA6A-25953ED59E1E} = {E3221687-5D1E-464E-A24E-A8287F028C0D}
		{3DD7C03A-DDCA-497B-B7CB-DE36A3F8B317} = {0CBCDECB-D253-4477-B1AA-1DBE17687F0B}
		{7CEA97F3-5BD5-484A-8E77-440A99A17AAD} = {E3221687-5D1E-464E-A24E-A8287F028C0D}
		{4394D47B-2D94-44D5-8C9F-4EC292FDA3C2} = {E3221687-5D1E-464E-A24E-A8287F028C0D}
		{5DDF36F8-93E7-440C-89A3-5940925FFBC3} = {E3221687-5D1E-464E-A24E-A8287F028C0D}
		{DA4A1B89-04D9-4D34-91EE-FA5B68B2EA9D} = {E3221687-5D1E-464E-A24E-A8287F028C0D}
		{8D7F9FA0-D161-4276-83B5-E06E003B0D19} = {E3221687-5D1E-464E-A24E-A8287F028C0D}
	EndGlobalSection
	GlobalSection(ExtensibilityGlobals) = postSolution
		SolutionGuid = {98C638C2-4E0C-43A4-9E0E-D0C6F59502FD}
	EndGlobalSection
EndGlobal
